
Microsoft Visual Studio Solution File, Format Version 12.00
# Visual Studio Version 16
VisualStudioVersion = 16.0.30523.141
MinimumVisualStudioVersion = 10.0.40219.1
Project("{9A19103F-16F7-4668-BE54-9A1E7A4F7556}") = "PodcastApplication", "PodcastApplication\PodcastApplication.csproj", "{613286C8-8F10-497C-B2D5-9DAB1ADAF664}"
EndProject
Project("{9A19103F-16F7-4668-BE54-9A1E7A4F7556}") = "PodcastBL", "PodcastBL\PodcastBL.csproj", "{2FFD41BA-ED40-4C7C-953C-51DFEC1C8051}"
EndProject
Project("{9A19103F-16F7-4668-BE54-9A1E7A4F7556}") = "RssDALInmemory", "RssDAL\RssDALInmemory.csproj", "{5E211A5F-59B0-44E0-BC30-0D3AB7C394E2}"
EndProject
Global
	GlobalSection(SolutionConfigurationPlatforms) = preSolution
		Debug|Any CPU = Debug|Any CPU
		Release|Any CPU = Release|Any CPU
	EndGlobalSection
	GlobalSection(ProjectConfigurationPlatforms) = postSolution
		{613286C8-8F10-497C-B2D5-9DAB1ADAF664}.Debug|Any CPU.ActiveCfg = Debug|Any CPU
		{613286C8-8F10-497C-B2D5-9DAB1ADAF664}.Debug|Any CPU.Build.0 = Debug|Any CPU
		{613286C8-8F10-497C-B2D5-9DAB1ADAF664}.Release|Any CPU.ActiveCfg = Release|Any CPU
		{613286C8-8F10-497C-B2D5-9DAB1ADAF664}.Release|Any CPU.Build.0 = Release|Any CPU
		{2FFD41BA-ED40-4C7C-953C-51DFEC1C8051}.Debug|Any CPU.ActiveCfg = Debug|Any CPU
		{2FFD41BA-ED40-4C7C-953C-51DFEC1C8051}.Debug|Any CPU.Build.0 = Debug|Any CPU
		{2FFD41BA-ED40-4C7C-953C-51DFEC1C8051}.Release|Any CPU.ActiveCfg = Release|Any CPU
		{2FFD41BA-ED40-4C7C-953C-51DFEC1C8051}.Release|Any CPU.Build.0 = Release|Any CPU
		{5E211A5F-59B0-44E0-BC30-0D3AB7C394E2}.Debug|Any CPU.ActiveCfg = Debug|Any CPU
		{5E211A5F-59B0-44E0-BC30-0D3AB7C394E2}.Debug|Any CPU.Build.0 = Debug|Any CPU
		{5E211A5F-59B0-44E0-BC30-0D3AB7C394E2}.Release|Any CPU.ActiveCfg = Release|Any CPU
		{5E211A5F-59B0-44E0-BC30-0D3AB7C394E2}.Release|Any CPU.Build.0 = Release|Any CPU
	EndGlobalSection
	GlobalSection(SolutionProperties) = preSolution
		HideSolutionNode = FALSE
	EndGlobalSection
	GlobalSection(ExtensibilityGlobals) = postSolution
		SolutionGuid = {2581488D-E6F6-49F2-8A4B-743CB22C6F88}
	EndGlobalSection
EndGlobal
